
Microsoft Visual Studio Solution File, Format Version 12.00
# Visual Studio Version 16
VisualStudioVersion = 16.0.28803.202
MinimumVisualStudioVersion = 10.0.40219.1
Project("{FAE04EC0-301F-11D3-BF4B-00C04F79EFBC}") = "ArosGameWebApi", "ArosGameWebApi\ArosGameWebApi.csproj", "{A3C74B76-ED51-451D-A7E7-D44C091317CB}"
EndProject
Global
	GlobalSection(SolutionConfigurationPlatforms) = preSolution
		Debug|Any CPU = Debug|Any CPU
		Release|Any CPU = Release|Any CPU
	EndGlobalSection
	GlobalSection(ProjectConfigurationPlatforms) = postSolution
		{A3C74B76-ED51-451D-A7E7-D44C091317CB}.Debug|Any CPU.ActiveCfg = Debug|Any CPU
		{A3C74B76-ED51-451D-A7E7-D44C091317CB}.Debug|Any CPU.Build.0 = Debug|Any CPU
		{A3C74B76-ED51-451D-A7E7-D44C091317CB}.Release|Any CPU.ActiveCfg = Release|Any CPU
		{A3C74B76-ED51-451D-A7E7-D44C091317CB}.Release|Any CPU.Build.0 = Release|Any CPU
	EndGlobalSection
	GlobalSection(SolutionProperties) = preSolution
		HideSolutionNode = FALSE
	EndGlobalSection
	GlobalSection(ExtensibilityGlobals) = postSolution
		SolutionGuid = {23CA1D65-D095-4C1D-997D-D4A68ABB6C0C}
	EndGlobalSection
EndGlobal
